// !$*UTF8*$!
{
	archiveVersion = 1;
	classes = {
	};
	objectVersion = 50;
	objects = {

/* Begin PBXBuildFile section */
		469AD162245F3631003A4C6D /* AppDelegate.swift in Sources */ = {isa = PBXBuildFile; fileRef = 469AD161245F3631003A4C6D /* AppDelegate.swift */; };
		469AD164245F3631003A4C6D /* SceneDelegate.swift in Sources */ = {isa = PBXBuildFile; fileRef = 469AD163245F3631003A4C6D /* SceneDelegate.swift */; };
		469AD169245F3631003A4C6D /* Main.storyboard in Resources */ = {isa = PBXBuildFile; fileRef = 469AD167245F3631003A4C6D /* Main.storyboard */; };
		469AD16C245F3631003A4C6D /* ToDoListApp.xcdatamodeld in Sources */ = {isa = PBXBuildFile; fileRef = 469AD16A245F3631003A4C6D /* ToDoListApp.xcdatamodeld */; };
		469AD16E245F3636003A4C6D /* Assets.xcassets in Resources */ = {isa = PBXBuildFile; fileRef = 469AD16D245F3636003A4C6D /* Assets.xcassets */; };
		469AD171245F3636003A4C6D /* LaunchScreen.storyboard in Resources */ = {isa = PBXBuildFile; fileRef = 469AD16F245F3636003A4C6D /* LaunchScreen.storyboard */; };
		469AD17C245F3637003A4C6D /* ToDoListAppTests.swift in Sources */ = {isa = PBXBuildFile; fileRef = 469AD17B245F3637003A4C6D /* ToDoListAppTests.swift */; };
		469AD187245F3637003A4C6D /* ToDoListAppUITests.swift in Sources */ = {isa = PBXBuildFile; fileRef = 469AD186245F3637003A4C6D /* ToDoListAppUITests.swift */; };
		469AD195245F387F003A4C6D /* ToDoTableViewController.swift in Sources */ = {isa = PBXBuildFile; fileRef = 469AD194245F387F003A4C6D /* ToDoTableViewController.swift */; };
		469AD197245F38B3003A4C6D /* ToDo.swift in Sources */ = {isa = PBXBuildFile; fileRef = 469AD196245F38B3003A4C6D /* ToDo.swift */; };
		469AD199245F4362003A4C6D /* AddToDoViewController.swift in Sources */ = {isa = PBXBuildFile; fileRef = 469AD198245F4362003A4C6D /* AddToDoViewController.swift */; };
		469AD19B245F46E1003A4C6D /* CompleteToDoViewController.swift in Sources */ = {isa = PBXBuildFile; fileRef = 469AD19A245F46E1003A4C6D /* CompleteToDoViewController.swift */; };
/* End PBXBuildFile section */

/* Begin PBXContainerItemProxy section */
		469AD178245F3637003A4C6D /* PBXContainerItemProxy */ = {
			isa = PBXContainerItemProxy;
			containerPortal = 469AD156245F3631003A4C6D /* Project object */;
			proxyType = 1;
			remoteGlobalIDString = 469AD15D245F3631003A4C6D;
			remoteInfo = ToDoListApp;
		};
		469AD183245F3637003A4C6D /* PBXContainerItemProxy */ = {
			isa = PBXContainerItemProxy;
			containerPortal = 469AD156245F3631003A4C6D /* Project object */;
			proxyType = 1;
			remoteGlobalIDString = 469AD15D245F3631003A4C6D;
			remoteInfo = ToDoListApp;
		};
/* End PBXContainerItemProxy section */

/* Begin PBXFileReference section */
		469AD15E245F3631003A4C6D /* ToDoListApp.app */ = {isa = PBXFileReference; explicitFileType = wrapper.application; includeInIndex = 0; path = ToDoListApp.app; sourceTree = BUILT_PRODUCTS_DIR; };
		469AD161245F3631003A4C6D /* AppDelegate.swift */ = {isa = PBXFileReference; lastKnownFileType = sourcecode.swift; path = AppDelegate.swift; sourceTree = "<group>"; };
		469AD163245F3631003A4C6D /* SceneDelegate.swift */ = {isa = PBXFileReference; lastKnownFileType = sourcecode.swift; path = SceneDelegate.swift; sourceTree = "<group>"; };
		469AD168245F3631003A4C6D /* Base */ = {isa = PBXFileReference; lastKnownFileType = file.storyboard; name = Base; path = Base.lproj/Main.storyboard; sourceTree = "<group>"; };
		469AD16B245F3631003A4C6D /* ToDoListApp.xcdatamodel */ = {isa = PBXFileReference; lastKnownFileType = wrapper.xcdatamodel; path = ToDoListApp.xcdatamodel; sourceTree = "<group>"; };
		469AD16D245F3636003A4C6D /* Assets.xcassets */ = {isa = PBXFileReference; lastKnownFileType = folder.assetcatalog; path = Assets.xcassets; sourceTree = "<group>"; };
		469AD170245F3636003A4C6D /* Base */ = {isa = PBXFileReference; lastKnownFileType = file.storyboard; name = Base; path = Base.lproj/LaunchScreen.storyboard; sourceTree = "<group>"; };
		469AD172245F3636003A4C6D /* Info.plist */ = {isa = PBXFileReference; lastKnownFileType = text.plist.xml; path = Info.plist; sourceTree = "<group>"; };
		469AD177245F3637003A4C6D /* ToDoListAppTests.xctest */ = {isa = PBXFileReference; explicitFileType = wrapper.cfbundle; includeInIndex = 0; path = ToDoListAppTests.xctest; sourceTree = BUILT_PRODUCTS_DIR; };
		469AD17B245F3637003A4C6D /* ToDoListAppTests.swift */ = {isa = PBXFileReference; lastKnownFileType = sourcecode.swift; path = ToDoListAppTests.swift; sourceTree = "<group>"; };
		469AD17D245F3637003A4C6D /* Info.plist */ = {isa = PBXFileReference; lastKnownFileType = text.plist.xml; path = Info.plist; sourceTree = "<group>"; };
		469AD182245F3637003A4C6D /* ToDoListAppUITests.xctest */ = {isa = PBXFileReference; explicitFileType = wrapper.cfbundle; includeInIndex = 0; path = ToDoListAppUITests.xctest; sourceTree = BUILT_PRODUCTS_DIR; };
		469AD186245F3637003A4C6D /* ToDoListAppUITests.swift */ = {isa = PBXFileReference; lastKnownFileType = sourcecode.swift; path = ToDoListAppUITests.swift; sourceTree = "<group>"; };
		469AD188245F3637003A4C6D /* Info.plist */ = {isa = PBXFileReference; lastKnownFileType = text.plist.xml; path = Info.plist; sourceTree = "<group>"; };
		469AD194245F387F003A4C6D /* ToDoTableViewController.swift */ = {isa = PBXFileReference; lastKnownFileType = sourcecode.swift; path = ToDoTableViewController.swift; sourceTree = "<group>"; };
		469AD196245F38B3003A4C6D /* ToDo.swift */ = {isa = PBXFileReference; lastKnownFileType = sourcecode.swift; path = ToDo.swift; sourceTree = "<group>"; };
		469AD198245F4362003A4C6D /* AddToDoViewController.swift */ = {isa = PBXFileReference; lastKnownFileType = sourcecode.swift; path = AddToDoViewController.swift; sourceTree = "<group>"; };
		469AD19A245F46E1003A4C6D /* CompleteToDoViewController.swift */ = {isa = PBXFileReference; lastKnownFileType = sourcecode.swift; path = CompleteToDoViewController.swift; sourceTree = "<group>"; };
/* End PBXFileReference section */

/* Begin PBXFrameworksBuildPhase section */
		469AD15B245F3631003A4C6D /* Frameworks */ = {
			isa = PBXFrameworksBuildPhase;
			buildActionMask = 2147483647;
			files = (
			);
			runOnlyForDeploymentPostprocessing = 0;
		};
		469AD174245F3637003A4C6D /* Frameworks */ = {
			isa = PBXFrameworksBuildPhase;
			buildActionMask = 2147483647;
			files = (
			);
			runOnlyForDeploymentPostprocessing = 0;
		};
		469AD17F245F3637003A4C6D /* Frameworks */ = {
			isa = PBXFrameworksBuildPhase;
			buildActionMask = 2147483647;
			files = (
			);
			runOnlyForDeploymentPostprocessing = 0;
		};
/* End PBXFrameworksBuildPhase section */

/* Begin PBXGroup section */
		469AD155245F3631003A4C6D = {
			isa = PBXGroup;
			children = (
				469AD160245F3631003A4C6D /* ToDoListApp */,
				469AD17A245F3637003A4C6D /* ToDoListAppTests */,
				469AD185245F3637003A4C6D /* ToDoListAppUITests */,
				469AD15F245F3631003A4C6D /* Products */,
			);
			sourceTree = "<group>";
		};
		469AD15F245F3631003A4C6D /* Products */ = {
			isa = PBXGroup;
			children = (
				469AD15E245F3631003A4C6D /* ToDoListApp.app */,
				469AD177245F3637003A4C6D /* ToDoListAppTests.xctest */,
				469AD182245F3637003A4C6D /* ToDoListAppUITests.xctest */,
			);
			name = Products;
			sourceTree = "<group>";
		};
		469AD160245F3631003A4C6D /* ToDoListApp */ = {
			isa = PBXGroup;
			children = (
				469AD161245F3631003A4C6D /* AppDelegate.swift */,
				469AD163245F3631003A4C6D /* SceneDelegate.swift */,
				469AD167245F3631003A4C6D /* Main.storyboard */,
				469AD16D245F3636003A4C6D /* Assets.xcassets */,
				469AD16F245F3636003A4C6D /* LaunchScreen.storyboard */,
				469AD172245F3636003A4C6D /* Info.plist */,
				469AD16A245F3631003A4C6D /* ToDoListApp.xcdatamodeld */,
				469AD194245F387F003A4C6D /* ToDoTableViewController.swift */,
				469AD196245F38B3003A4C6D /* ToDo.swift */,
				469AD198245F4362003A4C6D /* AddToDoViewController.swift */,
				469AD19A245F46E1003A4C6D /* CompleteToDoViewController.swift */,
			);
			path = ToDoListApp;
			sourceTree = "<group>";
		};
		469AD17A245F3637003A4C6D /* ToDoListAppTests */ = {
			isa = PBXGroup;
			children = (
				469AD17B245F3637003A4C6D /* ToDoListAppTests.swift */,
				469AD17D245F3637003A4C6D /* Info.plist */,
			);
			path = ToDoListAppTests;
			sourceTree = "<group>";
		};
		469AD185245F3637003A4C6D /* ToDoListAppUITests */ = {
			isa = PBXGroup;
			children = (
				469AD186245F3637003A4C6D /* ToDoListAppUITests.swift */,
				469AD188245F3637003A4C6D /* Info.plist */,
			);
			path = ToDoListAppUITests;
			sourceTree = "<group>";
		};
/* End PBXGroup section */

/* Begin PBXNativeTarget section */
		469AD15D245F3631003A4C6D /* ToDoListApp */ = {
			isa = PBXNativeTarget;
			buildConfigurationList = 469AD18B245F3637003A4C6D /* Build configuration list for PBXNativeTarget "ToDoListApp" */;
			buildPhases = (
				469AD15A245F3631003A4C6D /* Sources */,
				469AD15B245F3631003A4C6D /* Frameworks */,
				469AD15C245F3631003A4C6D /* Resources */,
			);
			buildRules = (
			);
			dependencies = (
			);
			name = ToDoListApp;
			productName = ToDoListApp;
			productReference = 469AD15E245F3631003A4C6D /* ToDoListApp.app */;
			productType = "com.apple.product-type.application";
		};
		469AD176245F3637003A4C6D /* ToDoListAppTests */ = {
			isa = PBXNativeTarget;
			buildConfigurationList = 469AD18E245F3637003A4C6D /* Build configuration list for PBXNativeTarget "ToDoListAppTests" */;
			buildPhases = (
				469AD173245F3637003A4C6D /* Sources */,
				469AD174245F3637003A4C6D /* Frameworks */,
				469AD175245F3637003A4C6D /* Resources */,
			);
			buildRules = (
			);
			dependencies = (
				469AD179245F3637003A4C6D /* PBXTargetDependency */,
			);
			name = ToDoListAppTests;
			productName = ToDoListAppTests;
			productReference = 469AD177245F3637003A4C6D /* ToDoListAppTests.xctest */;
			productType = "com.apple.product-type.bundle.unit-test";
		};
		469AD181245F3637003A4C6D /* ToDoListAppUITests */ = {
			isa = PBXNativeTarget;
			buildConfigurationList = 469AD191245F3637003A4C6D /* Build configuration list for PBXNativeTarget "ToDoListAppUITests" */;
			buildPhases = (
				469AD17E245F3637003A4C6D /* Sources */,
				469AD17F245F3637003A4C6D /* Frameworks */,
				469AD180245F3637003A4C6D /* Resources */,
			);
			buildRules = (
			);
			dependencies = (
				469AD184245F3637003A4C6D /* PBXTargetDependency */,
			);
			name = ToDoListAppUITests;
			productName = ToDoListAppUITests;
			productReference = 469AD182245F3637003A4C6D /* ToDoListAppUITests.xctest */;
			productType = "com.apple.product-type.bundle.ui-testing";
		};
/* End PBXNativeTarget section */

/* Begin PBXProject section */
		469AD156245F3631003A4C6D /* Project object */ = {
			isa = PBXProject;
			attributes = {
				LastSwiftUpdateCheck = 1140;
				LastUpgradeCheck = 1140;
				ORGANIZATIONNAME = "Ashanti Williams";
				TargetAttributes = {
					469AD15D245F3631003A4C6D = {
						CreatedOnToolsVersion = 11.4;
					};
					469AD176245F3637003A4C6D = {
						CreatedOnToolsVersion = 11.4;
						TestTargetID = 469AD15D245F3631003A4C6D;
					};
					469AD181245F3637003A4C6D = {
						CreatedOnToolsVersion = 11.4;
						TestTargetID = 469AD15D245F3631003A4C6D;
					};
				};
			};
			buildConfigurationList = 469AD159245F3631003A4C6D /* Build configuration list for PBXProject "ToDoListApp" */;
			compatibilityVersion = "Xcode 9.3";
			developmentRegion = en;
			hasScannedForEncodings = 0;
			knownRegions = (
				en,
				Base,
			);
			mainGroup = 469AD155245F3631003A4C6D;
			productRefGroup = 469AD15F245F3631003A4C6D /* Products */;
			projectDirPath = "";
			projectRoot = "";
			targets = (
				469AD15D245F3631003A4C6D /* ToDoListApp */,
				469AD176245F3637003A4C6D /* ToDoListAppTests */,
				469AD181245F3637003A4C6D /* ToDoListAppUITests */,
			);
		};
/* End PBXProject section */

/* Begin PBXResourcesBuildPhase section */
		469AD15C245F3631003A4C6D /* Resources */ = {
			isa = PBXResourcesBuildPhase;
			buildActionMask = 2147483647;
			files = (
				469AD171245F3636003A4C6D /* LaunchScreen.storyboard in Resources */,
				469AD16E245F3636003A4C6D /* Assets.xcassets in Resources */,
				469AD169245F3631003A4C6D /* Main.storyboard in Resources */,
			);
			runOnlyForDeploymentPostprocessing = 0;
		};
		469AD175245F3637003A4C6D /* Resources */ = {
			isa = PBXResourcesBuildPhase;
			buildActionMask = 2147483647;
			files = (
			);
			runOnlyForDeploymentPostprocessing = 0;
		};
		469AD180245F3637003A4C6D /* Resources */ = {
			isa = PBXResourcesBuildPhase;
			buildActionMask = 2147483647;
			files = (
			);
			runOnlyForDeploymentPostprocessing = 0;
		};
/* End PBXResourcesBuildPhase section */

/* Begin PBXSourcesBuildPhase section */
		469AD15A245F3631003A4C6D /* Sources */ = {
			isa = PBXSourcesBuildPhase;
			buildActionMask = 2147483647;
			files = (
				469AD162245F3631003A4C6D /* AppDelegate.swift in Sources */,
				469AD197245F38B3003A4C6D /* ToDo.swift in Sources */,
				469AD195245F387F003A4C6D /* ToDoTableViewController.swift in Sources */,
				469AD19B245F46E1003A4C6D /* CompleteToDoViewController.swift in Sources */,
				469AD164245F3631003A4C6D /* SceneDelegate.swift in Sources */,
				469AD199245F4362003A4C6D /* AddToDoViewController.swift in Sources */,
				469AD16C245F3631003A4C6D /* ToDoListApp.xcdatamodeld in Sources */,
			);
			runOnlyForDeploymentPostprocessing = 0;
		};
		469AD173245F3637003A4C6D /* Sources */ = {
			isa = PBXSourcesBuildPhase;
			buildActionMask = 2147483647;
			files = (
				469AD17C245F3637003A4C6D /* ToDoListAppTests.swift in Sources */,
			);
			runOnlyForDeploymentPostprocessing = 0;
		};
		469AD17E245F3637003A4C6D /* Sources */ = {
			isa = PBXSourcesBuildPhase;
			buildActionMask = 2147483647;
			files = (
				469AD187245F3637003A4C6D /* ToDoListAppUITests.swift in Sources */,
			);
			runOnlyForDeploymentPostprocessing = 0;
		};
/* End PBXSourcesBuildPhase section */

/* Begin PBXTargetDependency section */
		469AD179245F3637003A4C6D /* PBXTargetDependency */ = {
			isa = PBXTargetDependency;
			target = 469AD15D245F3631003A4C6D /* ToDoListApp */;
			targetProxy = 469AD178245F3637003A4C6D /* PBXContainerItemProxy */;
		};
		469AD184245F3637003A4C6D /* PBXTargetDependency */ = {
			isa = PBXTargetDependency;
			target = 469AD15D245F3631003A4C6D /* ToDoListApp */;
			targetProxy = 469AD183245F3637003A4C6D /* PBXContainerItemProxy */;
		};
/* End PBXTargetDependency section */

/* Begin PBXVariantGroup section */
		469AD167245F3631003A4C6D /* Main.storyboard */ = {
			isa = PBXVariantGroup;
			children = (
				469AD168245F3631003A4C6D /* Base */,
			);
			name = Main.storyboard;
			sourceTree = "<group>";
		};
		469AD16F245F3636003A4C6D /* LaunchScreen.storyboard */ = {
			isa = PBXVariantGroup;
			children = (
				469AD170245F3636003A4C6D /* Base */,
			);
			name = LaunchScreen.storyboard;
			sourceTree = "<group>";
		};
/* End PBXVariantGroup section */

/* Begin XCBuildConfiguration section */
		469AD189245F3637003A4C6D /* Debug */ = {
			isa = XCBuildConfiguration;
			buildSettings = {
				ALWAYS_SEARCH_USER_PATHS = NO;
				CLANG_ANALYZER_NONNULL = YES;
				CLANG_ANALYZER_NUMBER_OBJECT_CONVERSION = YES_AGGRESSIVE;
				CLANG_CXX_LANGUAGE_STANDARD = "gnu++14";
				CLANG_CXX_LIBRARY = "libc++";
				CLANG_ENABLE_MODULES = YES;
				CLANG_ENABLE_OBJC_ARC = YES;
				CLANG_ENABLE_OBJC_WEAK = YES;
				CLANG_WARN_BLOCK_CAPTURE_AUTORELEASING = YES;
				CLANG_WARN_BOOL_CONVERSION = YES;
				CLANG_WARN_COMMA = YES;
				CLANG_WARN_CONSTANT_CONVERSION = YES;
				CLANG_WARN_DEPRECATED_OBJC_IMPLEMENTATIONS = YES;
				CLANG_WARN_DIRECT_OBJC_ISA_USAGE = YES_ERROR;
				CLANG_WARN_DOCUMENTATION_COMMENTS = YES;
				CLANG_WARN_EMPTY_BODY = YES;
				CLANG_WARN_ENUM_CONVERSION = YES;
				CLANG_WARN_INFINITE_RECURSION = YES;
				CLANG_WARN_INT_CONVERSION = YES;
				CLANG_WARN_NON_LITERAL_NULL_CONVERSION = YES;
				CLANG_WARN_OBJC_IMPLICIT_RETAIN_SELF = YES;
				CLANG_WARN_OBJC_LITERAL_CONVERSION = YES;
				CLANG_WARN_OBJC_ROOT_CLASS = YES_ERROR;
				CLANG_WARN_RANGE_LOOP_ANALYSIS = YES;
				CLANG_WARN_STRICT_PROTOTYPES = YES;
				CLANG_WARN_SUSPICIOUS_MOVE = YES;
				CLANG_WARN_UNGUARDED_AVAILABILITY = YES_AGGRESSIVE;
				CLANG_WARN_UNREACHABLE_CODE = YES;
				CLANG_WARN__DUPLICATE_METHOD_MATCH = YES;
				COPY_PHASE_STRIP = NO;
				DEBUG_INFORMATION_FORMAT = dwarf;
				ENABLE_STRICT_OBJC_MSGSEND = YES;
				ENABLE_TESTABILITY = YES;
				GCC_C_LANGUAGE_STANDARD = gnu11;
				GCC_DYNAMIC_NO_PIC = NO;
				GCC_NO_COMMON_BLOCKS = YES;
				GCC_OPTIMIZATION_LEVEL = 0;
				GCC_PREPROCESSOR_DEFINITIONS = (
					"DEBUG=1",
					"$(inherited)",
				);
				GCC_WARN_64_TO_32_BIT_CONVERSION = YES;
				GCC_WARN_ABOUT_RETURN_TYPE = YES_ERROR;
				GCC_WARN_UNDECLARED_SELECTOR = YES;
				GCC_WARN_UNINITIALIZED_AUTOS = YES_AGGRESSIVE;
				GCC_WARN_UNUSED_FUNCTION = YES;
				GCC_WARN_UNUSED_VARIABLE = YES;
				IPHONEOS_DEPLOYMENT_TARGET = 13.4;
				MTL_ENABLE_DEBUG_INFO = INCLUDE_SOURCE;
				MTL_FAST_MATH = YES;
				ONLY_ACTIVE_ARCH = YES;
				SDKROOT = iphoneos;
				SWIFT_ACTIVE_COMPILATION_CONDITIONS = DEBUG;
				SWIFT_OPTIMIZATION_LEVEL = "-Onone";
			};
			name = Debug;
		};
		469AD18A245F3637003A4C6D /* Release */ = {
			isa = XCBuildConfiguration;
			buildSettings = {
				ALWAYS_SEARCH_USER_PATHS = NO;
				CLANG_ANALYZER_NONNULL = YES;
				CLANG_ANALYZER_NUMBER_OBJECT_CONVERSION = YES_AGGRESSIVE;
				CLANG_CXX_LANGUAGE_STANDARD = "gnu++14";
				CLANG_CXX_LIBRARY = "libc++";
				CLANG_ENABLE_MODULES = YES;
				CLANG_ENABLE_OBJC_ARC = YES;
				CLANG_ENABLE_OBJC_WEAK = YES;
				CLANG_WARN_BLOCK_CAPTURE_AUTORELEASING = YES;
				CLANG_WARN_BOOL_CONVERSION = YES;
				CLANG_WARN_COMMA = YES;
				CLANG_WARN_CONSTANT_CONVERSION = YES;
				CLANG_WARN_DEPRECATED_OBJC_IMPLEMENTATIONS = YES;
				CLANG_WARN_DIRECT_OBJC_ISA_USAGE = YES_ERROR;
				CLANG_WARN_DOCUMENTATION_COMMENTS = YES;
				CLANG_WARN_EMPTY_BODY = YES;
				CLANG_WARN_ENUM_CONVERSION = YES;
				CLANG_WARN_INFINITE_RECURSION = YES;
				CLANG_WARN_INT_CONVERSION = YES;
				CLANG_WARN_NON_LITERAL_NULL_CONVERSION = YES;
				CLANG_WARN_OBJC_IMPLICIT_RETAIN_SELF = YES;
				CLANG_WARN_OBJC_LITERAL_CONVERSION = YES;
				CLANG_WARN_OBJC_ROOT_CLASS = YES_ERROR;
				CLANG_WARN_RANGE_LOOP_ANALYSIS = YES;
				CLANG_WARN_STRICT_PROTOTYPES = YES;
				CLANG_WARN_SUSPICIOUS_MOVE = YES;
				CLANG_WARN_UNGUARDED_AVAILABILITY = YES_AGGRESSIVE;
				CLANG_WARN_UNREACHABLE_CODE = YES;
				CLANG_WARN__DUPLICATE_METHOD_MATCH = YES;
				COPY_PHASE_STRIP = NO;
				DEBUG_INFORMATION_FORMAT = "dwarf-with-dsym";
				ENABLE_NS_ASSERTIONS = NO;
				ENABLE_STRICT_OBJC_MSGSEND = YES;
				GCC_C_LANGUAGE_STANDARD = gnu11;
				GCC_NO_COMMON_BLOCKS = YES;
				GCC_WARN_64_TO_32_BIT_CONVERSION = YES;
				GCC_WARN_ABOUT_RETURN_TYPE = YES_ERROR;
				GCC_WARN_UNDECLARED_SELECTOR = YES;
				GCC_WARN_UNINITIALIZED_AUTOS = YES_AGGRESSIVE;
				GCC_WARN_UNUSED_FUNCTION = YES;
				GCC_WARN_UNUSED_VARIABLE = YES;
				IPHONEOS_DEPLOYMENT_TARGET = 13.4;
				MTL_ENABLE_DEBUG_INFO = NO;
				MTL_FAST_MATH = YES;
				SDKROOT = iphoneos;
				SWIFT_COMPILATION_MODE = wholemodule;
				SWIFT_OPTIMIZATION_LEVEL = "-O";
				VALIDATE_PRODUCT = YES;
			};
			name = Release;
		};
		469AD18C245F3637003A4C6D /* Debug */ = {
			isa = XCBuildConfiguration;
			buildSettings = {
				ASSETCATALOG_COMPILER_APPICON_NAME = AppIcon;
				CODE_SIGN_STYLE = Automatic;
				DEVELOPMENT_TEAM = 79Q6363ZJD;
				INFOPLIST_FILE = ToDoListApp/Info.plist;
				LD_RUNPATH_SEARCH_PATHS = (
					"$(inherited)",
					"@executable_path/Frameworks",
				);
				PRODUCT_BUNDLE_IDENTIFIER = ashantiwill94.ToDoListApp;
				PRODUCT_NAME = "$(TARGET_NAME)";
				SWIFT_VERSION = 5.0;
				TARGETED_DEVICE_FAMILY = "1,2";
			};
			name = Debug;
		};
		469AD18D245F3637003A4C6D /* Release */ = {
			isa = XCBuildConfiguration;
			buildSettings = {
				ASSETCATALOG_COMPILER_APPICON_NAME = AppIcon;
				CODE_SIGN_STYLE = Automatic;
				DEVELOPMENT_TEAM = 79Q6363ZJD;
				INFOPLIST_FILE = ToDoListApp/Info.plist;
				LD_RUNPATH_SEARCH_PATHS = (
					"$(inherited)",
					"@executable_path/Frameworks",
				);
				PRODUCT_BUNDLE_IDENTIFIER = ashantiwill94.ToDoListApp;
				PRODUCT_NAME = "$(TARGET_NAME)";
				SWIFT_VERSION = 5.0;
				TARGETED_DEVICE_FAMILY = "1,2";
			};
			name = Release;
		};
		469AD18F245F3637003A4C6D /* Debug */ = {
			isa = XCBuildConfiguration;
			buildSettings = {
				ALWAYS_EMBED_SWIFT_STANDARD_LIBRARIES = YES;
				BUNDLE_LOADER = "$(TEST_HOST)";
				CODE_SIGN_STYLE = Automatic;
				DEVELOPMENT_TEAM = 79Q6363ZJD;
				INFOPLIST_FILE = ToDoListAppTests/Info.plist;
				IPHONEOS_DEPLOYMENT_TARGET = 13.4;
				LD_RUNPATH_SEARCH_PATHS = (
					"$(inherited)",
					"@executable_path/Frameworks",
					"@loader_path/Frameworks",
				);
				PRODUCT_BUNDLE_IDENTIFIER = marniereid.ToDoListAppTests;
				PRODUCT_NAME = "$(TARGET_NAME)";
				SWIFT_VERSION = 5.0;
				TARGETED_DEVICE_FAMILY = "1,2";
				TEST_HOST = "$(BUILT_PRODUCTS_DIR)/ToDoListApp.app/ToDoListApp";
			};
			name = Debug;
		};
		469AD190245F3637003A4C6D /* Release */ = {
			isa = XCBuildConfiguration;
			buildSettings = {
				ALWAYS_EMBED_SWIFT_STANDARD_LIBRARIES = YES;
				BUNDLE_LOADER = "$(TEST_HOST)";
				CODE_SIGN_STYLE = Automatic;
				DEVELOPMENT_TEAM = 79Q6363ZJD;
				INFOPLIST_FILE = ToDoListAppTests/Info.plist;
				IPHONEOS_DEPLOYMENT_TARGET = 13.4;
				LD_RUNPATH_SEARCH_PATHS = (
					"$(inherited)",
					"@executable_path/Frameworks",
					"@loader_path/Frameworks",
				);
				PRODUCT_BUNDLE_IDENTIFIER = marniereid.ToDoListAppTests;
				PRODUCT_NAME = "$(TARGET_NAME)";
				SWIFT_VERSION = 5.0;
				TARGETED_DEVICE_FAMILY = "1,2";
				TEST_HOST = "$(BUILT_PRODUCTS_DIR)/ToDoListApp.app/ToDoListApp";
			};
			name = Release;
		};
		469AD192245F3637003A4C6D /* Debug */ = {
			isa = XCBuildConfiguration;
			buildSettings = {
				ALWAYS_EMBED_SWIFT_STANDARD_LIBRARIES = YES;
				CODE_SIGN_STYLE = Automatic;
				DEVELOPMENT_TEAM = 79Q6363ZJD;
				INFOPLIST_FILE = ToDoListAppUITests/Info.plist;
				LD_RUNPATH_SEARCH_PATHS = (
					"$(inherited)",
					"@executable_path/Frameworks",
					"@loader_path/Frameworks",
				);
				PRODUCT_BUNDLE_IDENTIFIER = marniereid.ToDoListAppUITests;
				PRODUCT_NAME = "$(TARGET_NAME)";
				SWIFT_VERSION = 5.0;
				TARGETED_DEVICE_FAMILY = "1,2";
				TEST_TARGET_NAME = ToDoListApp;
			};
			name = Debug;
		};
		469AD193245F3637003A4C6D /* Release */ = {
			isa = XCBuildConfiguration;
			buildSettings = {
				ALWAYS_EMBED_SWIFT_STANDARD_LIBRARIES = YES;
				CODE_SIGN_STYLE = Automatic;
				DEVELOPMENT_TEAM = 79Q6363ZJD;
				INFOPLIST_FILE = ToDoListAppUITests/Info.plist;
				LD_RUNPATH_SEARCH_PATHS = (
					"$(inherited)",
					"@executable_path/Frameworks",
					"@loader_path/Frameworks",
				);
				PRODUCT_BUNDLE_IDENTIFIER = marniereid.ToDoListAppUITests;
				PRODUCT_NAME = "$(TARGET_NAME)";
				SWIFT_VERSION = 5.0;
				TARGETED_DEVICE_FAMILY = "1,2";
				TEST_TARGET_NAME = ToDoListApp;
			};
			name = Release;
		};
/* End XCBuildConfiguration section */

/* Begin XCConfigurationList section */
		469AD159245F3631003A4C6D /* Build configuration list for PBXProject "ToDoListApp" */ = {
			isa = XCConfigurationList;
			buildConfigurations = (
				469AD189245F3637003A4C6D /* Debug */,
				469AD18A245F3637003A4C6D /* Release */,
			);
			defaultConfigurationIsVisible = 0;
			defaultConfigurationName = Release;
		};
		469AD18B245F3637003A4C6D /* Build configuration list for PBXNativeTarget "ToDoListApp" */ = {
			isa = XCConfigurationList;
			buildConfigurations = (
				469AD18C245F3637003A4C6D /* Debug */,
				469AD18D245F3637003A4C6D /* Release */,
			);
			defaultConfigurationIsVisible = 0;
			defaultConfigurationName = Release;
		};
		469AD18E245F3637003A4C6D /* Build configuration list for PBXNativeTarget "ToDoListAppTests" */ = {
			isa = XCConfigurationList;
			buildConfigurations = (
				469AD18F245F3637003A4C6D /* Debug */,
				469AD190245F3637003A4C6D /* Release */,
			);
			defaultConfigurationIsVisible = 0;
			defaultConfigurationName = Release;
		};
		469AD191245F3637003A4C6D /* Build configuration list for PBXNativeTarget "ToDoListAppUITests" */ = {
			isa = XCConfigurationList;
			buildConfigurations = (
				469AD192245F3637003A4C6D /* Debug */,
				469AD193245F3637003A4C6D /* Release */,
			);
			defaultConfigurationIsVisible = 0;
			defaultConfigurationName = Release;
		};
/* End XCConfigurationList section */

/* Begin XCVersionGroup section */
		469AD16A245F3631003A4C6D /* ToDoListApp.xcdatamodeld */ = {
			isa = XCVersionGroup;
			children = (
				469AD16B245F3631003A4C6D /* ToDoListApp.xcdatamodel */,
			);
			currentVersion = 469AD16B245F3631003A4C6D /* ToDoListApp.xcdatamodel */;
			path = ToDoListApp.xcdatamodeld;
			sourceTree = "<group>";
			versionGroupType = wrapper.xcdatamodel;
		};
/* End XCVersionGroup section */
	};
	rootObject = 469AD156245F3631003A4C6D /* Project object */;
}
