// !$*UTF8*$!
{
	archiveVersion = 1;
	classes = {
	};
	objectVersion = 50;
	objects = {

/* Begin PBXBuildFile section */
		FF53A94824C8CA1300B4FAC8 /* AppDelegate.swift in Sources */ = {isa = PBXBuildFile; fileRef = FF53A94724C8CA1300B4FAC8 /* AppDelegate.swift */; };
		FF53A94A24C8CA1300B4FAC8 /* SceneDelegate.swift in Sources */ = {isa = PBXBuildFile; fileRef = FF53A94924C8CA1300B4FAC8 /* SceneDelegate.swift */; };
		FF53A94C24C8CA1300B4FAC8 /* FirstViewController.swift in Sources */ = {isa = PBXBuildFile; fileRef = FF53A94B24C8CA1300B4FAC8 /* FirstViewController.swift */; };
		FF53A94E24C8CA1300B4FAC8 /* SecondViewController.swift in Sources */ = {isa = PBXBuildFile; fileRef = FF53A94D24C8CA1300B4FAC8 /* SecondViewController.swift */; };
		FF53A95124C8CA1300B4FAC8 /* Main.storyboard in Resources */ = {isa = PBXBuildFile; fileRef = FF53A94F24C8CA1300B4FAC8 /* Main.storyboard */; };
		FF53A95424C8CA1300B4FAC8 /* actionsandoutlets.xcdatamodeld in Sources */ = {isa = PBXBuildFile; fileRef = FF53A95224C8CA1300B4FAC8 /* actionsandoutlets.xcdatamodeld */; };
		FF53A95624C8CA1600B4FAC8 /* Assets.xcassets in Resources */ = {isa = PBXBuildFile; fileRef = FF53A95524C8CA1600B4FAC8 /* Assets.xcassets */; };
		FF53A95924C8CA1600B4FAC8 /* LaunchScreen.storyboard in Resources */ = {isa = PBXBuildFile; fileRef = FF53A95724C8CA1600B4FAC8 /* LaunchScreen.storyboard */; };
/* End PBXBuildFile section */

/* Begin PBXFileReference section */
		FF53A94424C8CA1300B4FAC8 /* actionsandoutlets.app */ = {isa = PBXFileReference; explicitFileType = wrapper.application; includeInIndex = 0; path = actionsandoutlets.app; sourceTree = BUILT_PRODUCTS_DIR; };
		FF53A94724C8CA1300B4FAC8 /* AppDelegate.swift */ = {isa = PBXFileReference; lastKnownFileType = sourcecode.swift; path = AppDelegate.swift; sourceTree = "<group>"; };
		FF53A94924C8CA1300B4FAC8 /* SceneDelegate.swift */ = {isa = PBXFileReference; lastKnownFileType = sourcecode.swift; path = SceneDelegate.swift; sourceTree = "<group>"; };
		FF53A94B24C8CA1300B4FAC8 /* FirstViewController.swift */ = {isa = PBXFileReference; lastKnownFileType = sourcecode.swift; path = FirstViewController.swift; sourceTree = "<group>"; };
		FF53A94D24C8CA1300B4FAC8 /* SecondViewController.swift */ = {isa = PBXFileReference; lastKnownFileType = sourcecode.swift; path = SecondViewController.swift; sourceTree = "<group>"; };
		FF53A95024C8CA1300B4FAC8 /* Base */ = {isa = PBXFileReference; lastKnownFileType = file.storyboard; name = Base; path = Base.lproj/Main.storyboard; sourceTree = "<group>"; };
		FF53A95324C8CA1300B4FAC8 /* actionsandoutlets.xcdatamodel */ = {isa = PBXFileReference; lastKnownFileType = wrapper.xcdatamodel; path = actionsandoutlets.xcdatamodel; sourceTree = "<group>"; };
		FF53A95524C8CA1600B4FAC8 /* Assets.xcassets */ = {isa = PBXFileReference; lastKnownFileType = folder.assetcatalog; path = Assets.xcassets; sourceTree = "<group>"; };
		FF53A95824C8CA1600B4FAC8 /* Base */ = {isa = PBXFileReference; lastKnownFileType = file.storyboard; name = Base; path = Base.lproj/LaunchScreen.storyboard; sourceTree = "<group>"; };
		FF53A95A24C8CA1600B4FAC8 /* Info.plist */ = {isa = PBXFileReference; lastKnownFileType = text.plist.xml; path = Info.plist; sourceTree = "<group>"; };
/* End PBXFileReference section */

/* Begin PBXFrameworksBuildPhase section */
		FF53A94124C8CA1300B4FAC8 /* Frameworks */ = {
			isa = PBXFrameworksBuildPhase;
			buildActionMask = 2147483647;
			files = (
			);
			runOnlyForDeploymentPostprocessing = 0;
		};
/* End PBXFrameworksBuildPhase section */

/* Begin PBXGroup section */
		FF53A93B24C8CA1200B4FAC8 = {
			isa = PBXGroup;
			children = (
				FF53A94624C8CA1300B4FAC8 /* actionsandoutlets */,
				FF53A94524C8CA1300B4FAC8 /* Products */,
			);
			sourceTree = "<group>";
		};
		FF53A94524C8CA1300B4FAC8 /* Products */ = {
			isa = PBXGroup;
			children = (
				FF53A94424C8CA1300B4FAC8 /* actionsandoutlets.app */,
			);
			name = Products;
			sourceTree = "<group>";
		};
		FF53A94624C8CA1300B4FAC8 /* actionsandoutlets */ = {
			isa = PBXGroup;
			children = (
				FF53A94724C8CA1300B4FAC8 /* AppDelegate.swift */,
				FF53A94924C8CA1300B4FAC8 /* SceneDelegate.swift */,
				FF53A94B24C8CA1300B4FAC8 /* FirstViewController.swift */,
				FF53A94D24C8CA1300B4FAC8 /* SecondViewController.swift */,
				FF53A94F24C8CA1300B4FAC8 /* Main.storyboard */,
				FF53A95524C8CA1600B4FAC8 /* Assets.xcassets */,
				FF53A95724C8CA1600B4FAC8 /* LaunchScreen.storyboard */,
				FF53A95A24C8CA1600B4FAC8 /* Info.plist */,
				FF53A95224C8CA1300B4FAC8 /* actionsandoutlets.xcdatamodeld */,
			);
			path = actionsandoutlets;
			sourceTree = "<group>";
		};
/* End PBXGroup section */

/* Begin PBXNativeTarget section */
		FF53A94324C8CA1300B4FAC8 /* actionsandoutlets */ = {
			isa = PBXNativeTarget;
			buildConfigurationList = FF53A95D24C8CA1600B4FAC8 /* Build configuration list for PBXNativeTarget "actionsandoutlets" */;
			buildPhases = (
				FF53A94024C8CA1300B4FAC8 /* Sources */,
				FF53A94124C8CA1300B4FAC8 /* Frameworks */,
				FF53A94224C8CA1300B4FAC8 /* Resources */,
			);
			buildRules = (
			);
			dependencies = (
			);
			name = actionsandoutlets;
			productName = actionsandoutlets;
			productReference = FF53A94424C8CA1300B4FAC8 /* actionsandoutlets.app */;
			productType = "com.apple.product-type.application";
		};
/* End PBXNativeTarget section */

/* Begin PBXProject section */
		FF53A93C24C8CA1300B4FAC8 /* Project object */ = {
			isa = PBXProject;
			attributes = {
				LastSwiftUpdateCheck = 1160;
				LastUpgradeCheck = 1160;
				ORGANIZATIONNAME = "Ashanti Williams";
				TargetAttributes = {
					FF53A94324C8CA1300B4FAC8 = {
						CreatedOnToolsVersion = 11.6;
					};
				};
			};
			buildConfigurationList = FF53A93F24C8CA1300B4FAC8 /* Build configuration list for PBXProject "actionsandoutlets" */;
			compatibilityVersion = "Xcode 9.3";
			developmentRegion = en;
			hasScannedForEncodings = 0;
			knownRegions = (
				en,
				Base,
			);
			mainGroup = FF53A93B24C8CA1200B4FAC8;
			productRefGroup = FF53A94524C8CA1300B4FAC8 /* Products */;
			projectDirPath = "";
			projectRoot = "";
			targets = (
				FF53A94324C8CA1300B4FAC8 /* actionsandoutlets */,
			);
		};
/* End PBXProject section */

/* Begin PBXResourcesBuildPhase section */
		FF53A94224C8CA1300B4FAC8 /* Resources */ = {
			isa = PBXResourcesBuildPhase;
			buildActionMask = 2147483647;
			files = (
				FF53A95924C8CA1600B4FAC8 /* LaunchScreen.storyboard in Resources */,
				FF53A95624C8CA1600B4FAC8 /* Assets.xcassets in Resources */,
				FF53A95124C8CA1300B4FAC8 /* Main.storyboard in Resources */,
			);
			runOnlyForDeploymentPostprocessing = 0;
		};
/* End PBXResourcesBuildPhase section */

/* Begin PBXSourcesBuildPhase section */
		FF53A94024C8CA1300B4FAC8 /* Sources */ = {
			isa = PBXSourcesBuildPhase;
			buildActionMask = 2147483647;
			files = (
				FF53A94E24C8CA1300B4FAC8 /* SecondViewController.swift in Sources */,
				FF53A95424C8CA1300B4FAC8 /* actionsandoutlets.xcdatamodeld in Sources */,
				FF53A94C24C8CA1300B4FAC8 /* FirstViewController.swift in Sources */,
				FF53A94824C8CA1300B4FAC8 /* AppDelegate.swift in Sources */,
				FF53A94A24C8CA1300B4FAC8 /* SceneDelegate.swift in Sources */,
			);
			runOnlyForDeploymentPostprocessing = 0;
		};
/* End PBXSourcesBuildPhase section */

/* Begin PBXVariantGroup section */
		FF53A94F24C8CA1300B4FAC8 /* Main.storyboard */ = {
			isa = PBXVariantGroup;
			children = (
				FF53A95024C8CA1300B4FAC8 /* Base */,
			);
			name = Main.storyboard;
			sourceTree = "<group>";
		};
		FF53A95724C8CA1600B4FAC8 /* LaunchScreen.storyboard */ = {
			isa = PBXVariantGroup;
			children = (
				FF53A95824C8CA1600B4FAC8 /* Base */,
			);
			name = LaunchScreen.storyboard;
			sourceTree = "<group>";
		};
/* End PBXVariantGroup section */

/* Begin XCBuildConfiguration section */
		FF53A95B24C8CA1600B4FAC8 /* Debug */ = {
			isa = XCBuildConfiguration;
			buildSettings = {
				ALWAYS_SEARCH_USER_PATHS = NO;
				CLANG_ANALYZER_NONNULL = YES;
				CLANG_ANALYZER_NUMBER_OBJECT_CONVERSION = YES_AGGRESSIVE;
				CLANG_CXX_LANGUAGE_STANDARD = "gnu++14";
				CLANG_CXX_LIBRARY = "libc++";
				CLANG_ENABLE_MODULES = YES;
				CLANG_ENABLE_OBJC_ARC = YES;
				CLANG_ENABLE_OBJC_WEAK = YES;
				CLANG_WARN_BLOCK_CAPTURE_AUTORELEASING = YES;
				CLANG_WARN_BOOL_CONVERSION = YES;
				CLANG_WARN_COMMA = YES;
				CLANG_WARN_CONSTANT_CONVERSION = YES;
				CLANG_WARN_DEPRECATED_OBJC_IMPLEMENTATIONS = YES;
				CLANG_WARN_DIRECT_OBJC_ISA_USAGE = YES_ERROR;
				CLANG_WARN_DOCUMENTATION_COMMENTS = YES;
				CLANG_WARN_EMPTY_BODY = YES;
				CLANG_WARN_ENUM_CONVERSION = YES;
				CLANG_WARN_INFINITE_RECURSION = YES;
				CLANG_WARN_INT_CONVERSION = YES;
				CLANG_WARN_NON_LITERAL_NULL_CONVERSION = YES;
				CLANG_WARN_OBJC_IMPLICIT_RETAIN_SELF = YES;
				CLANG_WARN_OBJC_LITERAL_CONVERSION = YES;
				CLANG_WARN_OBJC_ROOT_CLASS = YES_ERROR;
				CLANG_WARN_RANGE_LOOP_ANALYSIS = YES;
				CLANG_WARN_STRICT_PROTOTYPES = YES;
				CLANG_WARN_SUSPICIOUS_MOVE = YES;
				CLANG_WARN_UNGUARDED_AVAILABILITY = YES_AGGRESSIVE;
				CLANG_WARN_UNREACHABLE_CODE = YES;
				CLANG_WARN__DUPLICATE_METHOD_MATCH = YES;
				COPY_PHASE_STRIP = NO;
				DEBUG_INFORMATION_FORMAT = dwarf;
				ENABLE_STRICT_OBJC_MSGSEND = YES;
				ENABLE_TESTABILITY = YES;
				GCC_C_LANGUAGE_STANDARD = gnu11;
				GCC_DYNAMIC_NO_PIC = NO;
				GCC_NO_COMMON_BLOCKS = YES;
				GCC_OPTIMIZATION_LEVEL = 0;
				GCC_PREPROCESSOR_DEFINITIONS = (
					"DEBUG=1",
					"$(inherited)",
				);
				GCC_WARN_64_TO_32_BIT_CONVERSION = YES;
				GCC_WARN_ABOUT_RETURN_TYPE = YES_ERROR;
				GCC_WARN_UNDECLARED_SELECTOR = YES;
				GCC_WARN_UNINITIALIZED_AUTOS = YES_AGGRESSIVE;
				GCC_WARN_UNUSED_FUNCTION = YES;
				GCC_WARN_UNUSED_VARIABLE = YES;
				IPHONEOS_DEPLOYMENT_TARGET = 13.6;
				MTL_ENABLE_DEBUG_INFO = INCLUDE_SOURCE;
				MTL_FAST_MATH = YES;
				ONLY_ACTIVE_ARCH = YES;
				SDKROOT = iphoneos;
				SWIFT_ACTIVE_COMPILATION_CONDITIONS = DEBUG;
				SWIFT_OPTIMIZATION_LEVEL = "-Onone";
			};
			name = Debug;
		};
		FF53A95C24C8CA1600B4FAC8 /* Release */ = {
			isa = XCBuildConfiguration;
			buildSettings = {
				ALWAYS_SEARCH_USER_PATHS = NO;
				CLANG_ANALYZER_NONNULL = YES;
				CLANG_ANALYZER_NUMBER_OBJECT_CONVERSION = YES_AGGRESSIVE;
				CLANG_CXX_LANGUAGE_STANDARD = "gnu++14";
				CLANG_CXX_LIBRARY = "libc++";
				CLANG_ENABLE_MODULES = YES;
				CLANG_ENABLE_OBJC_ARC = YES;
				CLANG_ENABLE_OBJC_WEAK = YES;
				CLANG_WARN_BLOCK_CAPTURE_AUTORELEASING = YES;
				CLANG_WARN_BOOL_CONVERSION = YES;
				CLANG_WARN_COMMA = YES;
				CLANG_WARN_CONSTANT_CONVERSION = YES;
				CLANG_WARN_DEPRECATED_OBJC_IMPLEMENTATIONS = YES;
				CLANG_WARN_DIRECT_OBJC_ISA_USAGE = YES_ERROR;
				CLANG_WARN_DOCUMENTATION_COMMENTS = YES;
				CLANG_WARN_EMPTY_BODY = YES;
				CLANG_WARN_ENUM_CONVERSION = YES;
				CLANG_WARN_INFINITE_RECURSION = YES;
				CLANG_WARN_INT_CONVERSION = YES;
				CLANG_WARN_NON_LITERAL_NULL_CONVERSION = YES;
				CLANG_WARN_OBJC_IMPLICIT_RETAIN_SELF = YES;
				CLANG_WARN_OBJC_LITERAL_CONVERSION = YES;
				CLANG_WARN_OBJC_ROOT_CLASS = YES_ERROR;
				CLANG_WARN_RANGE_LOOP_ANALYSIS = YES;
				CLANG_WARN_STRICT_PROTOTYPES = YES;
				CLANG_WARN_SUSPICIOUS_MOVE = YES;
				CLANG_WARN_UNGUARDED_AVAILABILITY = YES_AGGRESSIVE;
				CLANG_WARN_UNREACHABLE_CODE = YES;
				CLANG_WARN__DUPLICATE_METHOD_MATCH = YES;
				COPY_PHASE_STRIP = NO;
				DEBUG_INFORMATION_FORMAT = "dwarf-with-dsym";
				ENABLE_NS_ASSERTIONS = NO;
				ENABLE_STRICT_OBJC_MSGSEND = YES;
				GCC_C_LANGUAGE_STANDARD = gnu11;
				GCC_NO_COMMON_BLOCKS = YES;
				GCC_WARN_64_TO_32_BIT_CONVERSION = YES;
				GCC_WARN_ABOUT_RETURN_TYPE = YES_ERROR;
				GCC_WARN_UNDECLARED_SELECTOR = YES;
				GCC_WARN_UNINITIALIZED_AUTOS = YES_AGGRESSIVE;
				GCC_WARN_UNUSED_FUNCTION = YES;
				GCC_WARN_UNUSED_VARIABLE = YES;
				IPHONEOS_DEPLOYMENT_TARGET = 13.6;
				MTL_ENABLE_DEBUG_INFO = NO;
				MTL_FAST_MATH = YES;
				SDKROOT = iphoneos;
				SWIFT_COMPILATION_MODE = wholemodule;
				SWIFT_OPTIMIZATION_LEVEL = "-O";
				VALIDATE_PRODUCT = YES;
			};
			name = Release;
		};
		FF53A95E24C8CA1600B4FAC8 /* Debug */ = {
			isa = XCBuildConfiguration;
			buildSettings = {
				ASSETCATALOG_COMPILER_APPICON_NAME = AppIcon;
				CODE_SIGN_STYLE = Automatic;
				DEVELOPMENT_TEAM = 79Q6363ZJD;
				INFOPLIST_FILE = actionsandoutlets/Info.plist;
				LD_RUNPATH_SEARCH_PATHS = (
					"$(inherited)",
					"@executable_path/Frameworks",
				);
				PRODUCT_BUNDLE_IDENTIFIER = ashantiwill94.actionsandoutlets;
				PRODUCT_NAME = "$(TARGET_NAME)";
				SWIFT_VERSION = 5.0;
				TARGETED_DEVICE_FAMILY = "1,2";
			};
			name = Debug;
		};
		FF53A95F24C8CA1600B4FAC8 /* Release */ = {
			isa = XCBuildConfiguration;
			buildSettings = {
				ASSETCATALOG_COMPILER_APPICON_NAME = AppIcon;
				CODE_SIGN_STYLE = Automatic;
				DEVELOPMENT_TEAM = 79Q6363ZJD;
				INFOPLIST_FILE = actionsandoutlets/Info.plist;
				LD_RUNPATH_SEARCH_PATHS = (
					"$(inherited)",
					"@executable_path/Frameworks",
				);
				PRODUCT_BUNDLE_IDENTIFIER = ashantiwill94.actionsandoutlets;
				PRODUCT_NAME = "$(TARGET_NAME)";
				SWIFT_VERSION = 5.0;
				TARGETED_DEVICE_FAMILY = "1,2";
			};
			name = Release;
		};
/* End XCBuildConfiguration section */

/* Begin XCConfigurationList section */
		FF53A93F24C8CA1300B4FAC8 /* Build configuration list for PBXProject "actionsandoutlets" */ = {
			isa = XCConfigurationList;
			buildConfigurations = (
				FF53A95B24C8CA1600B4FAC8 /* Debug */,
				FF53A95C24C8CA1600B4FAC8 /* Release */,
			);
			defaultConfigurationIsVisible = 0;
			defaultConfigurationName = Release;
		};
		FF53A95D24C8CA1600B4FAC8 /* Build configuration list for PBXNativeTarget "actionsandoutlets" */ = {
			isa = XCConfigurationList;
			buildConfigurations = (
				FF53A95E24C8CA1600B4FAC8 /* Debug */,
				FF53A95F24C8CA1600B4FAC8 /* Release */,
			);
			defaultConfigurationIsVisible = 0;
			defaultConfigurationName = Release;
		};
/* End XCConfigurationList section */

/* Begin XCVersionGroup section */
		FF53A95224C8CA1300B4FAC8 /* actionsandoutlets.xcdatamodeld */ = {
			isa = XCVersionGroup;
			children = (
				FF53A95324C8CA1300B4FAC8 /* actionsandoutlets.xcdatamodel */,
			);
			currentVersion = FF53A95324C8CA1300B4FAC8 /* actionsandoutlets.xcdatamodel */;
			path = actionsandoutlets.xcdatamodeld;
			sourceTree = "<group>";
			versionGroupType = wrapper.xcdatamodel;
		};
/* End XCVersionGroup section */
	};
	rootObject = FF53A93C24C8CA1300B4FAC8 /* Project object */;
}
