// !$*UTF8*$!
{
	archiveVersion = 1;
	classes = {
	};
	objectVersion = 50;
	objects = {

/* Begin PBXBuildFile section */
		FF13F34A244CC57E002AFAF2 /* AppDelegate.swift in Sources */ = {isa = PBXBuildFile; fileRef = FF13F349244CC57E002AFAF2 /* AppDelegate.swift */; };
		FF13F34C244CC57E002AFAF2 /* SceneDelegate.swift in Sources */ = {isa = PBXBuildFile; fileRef = FF13F34B244CC57E002AFAF2 /* SceneDelegate.swift */; };
		FF13F34E244CC57E002AFAF2 /* ViewController.swift in Sources */ = {isa = PBXBuildFile; fileRef = FF13F34D244CC57E002AFAF2 /* ViewController.swift */; };
		FF13F351244CC57E002AFAF2 /* Main.storyboard in Resources */ = {isa = PBXBuildFile; fileRef = FF13F34F244CC57E002AFAF2 /* Main.storyboard */; };
		FF13F354244CC57E002AFAF2 /* lesson001storyboardstuff.xcdatamodeld in Sources */ = {isa = PBXBuildFile; fileRef = FF13F352244CC57E002AFAF2 /* lesson001storyboardstuff.xcdatamodeld */; };
		FF13F356244CC580002AFAF2 /* Assets.xcassets in Resources */ = {isa = PBXBuildFile; fileRef = FF13F355244CC580002AFAF2 /* Assets.xcassets */; };
		FF13F359244CC580002AFAF2 /* LaunchScreen.storyboard in Resources */ = {isa = PBXBuildFile; fileRef = FF13F357244CC580002AFAF2 /* LaunchScreen.storyboard */; };
/* End PBXBuildFile section */

/* Begin PBXFileReference section */
		FF13F346244CC57E002AFAF2 /* lesson001storyboardstuff.app */ = {isa = PBXFileReference; explicitFileType = wrapper.application; includeInIndex = 0; path = lesson001storyboardstuff.app; sourceTree = BUILT_PRODUCTS_DIR; };
		FF13F349244CC57E002AFAF2 /* AppDelegate.swift */ = {isa = PBXFileReference; lastKnownFileType = sourcecode.swift; path = AppDelegate.swift; sourceTree = "<group>"; };
		FF13F34B244CC57E002AFAF2 /* SceneDelegate.swift */ = {isa = PBXFileReference; lastKnownFileType = sourcecode.swift; path = SceneDelegate.swift; sourceTree = "<group>"; };
		FF13F34D244CC57E002AFAF2 /* ViewController.swift */ = {isa = PBXFileReference; lastKnownFileType = sourcecode.swift; path = ViewController.swift; sourceTree = "<group>"; };
		FF13F350244CC57E002AFAF2 /* Base */ = {isa = PBXFileReference; lastKnownFileType = file.storyboard; name = Base; path = Base.lproj/Main.storyboard; sourceTree = "<group>"; };
		FF13F353244CC57E002AFAF2 /* lesson001storyboardstuff.xcdatamodel */ = {isa = PBXFileReference; lastKnownFileType = wrapper.xcdatamodel; path = lesson001storyboardstuff.xcdatamodel; sourceTree = "<group>"; };
		FF13F355244CC580002AFAF2 /* Assets.xcassets */ = {isa = PBXFileReference; lastKnownFileType = folder.assetcatalog; path = Assets.xcassets; sourceTree = "<group>"; };
		FF13F358244CC580002AFAF2 /* Base */ = {isa = PBXFileReference; lastKnownFileType = file.storyboard; name = Base; path = Base.lproj/LaunchScreen.storyboard; sourceTree = "<group>"; };
		FF13F35A244CC580002AFAF2 /* Info.plist */ = {isa = PBXFileReference; lastKnownFileType = text.plist.xml; path = Info.plist; sourceTree = "<group>"; };
/* End PBXFileReference section */

/* Begin PBXFrameworksBuildPhase section */
		FF13F343244CC57E002AFAF2 /* Frameworks */ = {
			isa = PBXFrameworksBuildPhase;
			buildActionMask = 2147483647;
			files = (
			);
			runOnlyForDeploymentPostprocessing = 0;
		};
/* End PBXFrameworksBuildPhase section */

/* Begin PBXGroup section */
		FF13F33D244CC57E002AFAF2 = {
			isa = PBXGroup;
			children = (
				FF13F348244CC57E002AFAF2 /* lesson001storyboardstuff */,
				FF13F347244CC57E002AFAF2 /* Products */,
			);
			sourceTree = "<group>";
		};
		FF13F347244CC57E002AFAF2 /* Products */ = {
			isa = PBXGroup;
			children = (
				FF13F346244CC57E002AFAF2 /* lesson001storyboardstuff.app */,
			);
			name = Products;
			sourceTree = "<group>";
		};
		FF13F348244CC57E002AFAF2 /* lesson001storyboardstuff */ = {
			isa = PBXGroup;
			children = (
				FF13F349244CC57E002AFAF2 /* AppDelegate.swift */,
				FF13F34B244CC57E002AFAF2 /* SceneDelegate.swift */,
				FF13F34D244CC57E002AFAF2 /* ViewController.swift */,
				FF13F34F244CC57E002AFAF2 /* Main.storyboard */,
				FF13F355244CC580002AFAF2 /* Assets.xcassets */,
				FF13F357244CC580002AFAF2 /* LaunchScreen.storyboard */,
				FF13F35A244CC580002AFAF2 /* Info.plist */,
				FF13F352244CC57E002AFAF2 /* lesson001storyboardstuff.xcdatamodeld */,
			);
			path = lesson001storyboardstuff;
			sourceTree = "<group>";
		};
/* End PBXGroup section */

/* Begin PBXNativeTarget section */
		FF13F345244CC57E002AFAF2 /* lesson001storyboardstuff */ = {
			isa = PBXNativeTarget;
			buildConfigurationList = FF13F35D244CC580002AFAF2 /* Build configuration list for PBXNativeTarget "lesson001storyboardstuff" */;
			buildPhases = (
				FF13F342244CC57E002AFAF2 /* Sources */,
				FF13F343244CC57E002AFAF2 /* Frameworks */,
				FF13F344244CC57E002AFAF2 /* Resources */,
			);
			buildRules = (
			);
			dependencies = (
			);
			name = lesson001storyboardstuff;
			productName = lesson001storyboardstuff;
			productReference = FF13F346244CC57E002AFAF2 /* lesson001storyboardstuff.app */;
			productType = "com.apple.product-type.application";
		};
/* End PBXNativeTarget section */

/* Begin PBXProject section */
		FF13F33E244CC57E002AFAF2 /* Project object */ = {
			isa = PBXProject;
			attributes = {
				LastSwiftUpdateCheck = 1140;
				LastUpgradeCheck = 1140;
				ORGANIZATIONNAME = "Ashanti Williams";
				TargetAttributes = {
					FF13F345244CC57E002AFAF2 = {
						CreatedOnToolsVersion = 11.4;
					};
				};
			};
			buildConfigurationList = FF13F341244CC57E002AFAF2 /* Build configuration list for PBXProject "lesson001storyboardstuff" */;
			compatibilityVersion = "Xcode 9.3";
			developmentRegion = en;
			hasScannedForEncodings = 0;
			knownRegions = (
				en,
				Base,
			);
			mainGroup = FF13F33D244CC57E002AFAF2;
			productRefGroup = FF13F347244CC57E002AFAF2 /* Products */;
			projectDirPath = "";
			projectRoot = "";
			targets = (
				FF13F345244CC57E002AFAF2 /* lesson001storyboardstuff */,
			);
		};
/* End PBXProject section */

/* Begin PBXResourcesBuildPhase section */
		FF13F344244CC57E002AFAF2 /* Resources */ = {
			isa = PBXResourcesBuildPhase;
			buildActionMask = 2147483647;
			files = (
				FF13F359244CC580002AFAF2 /* LaunchScreen.storyboard in Resources */,
				FF13F356244CC580002AFAF2 /* Assets.xcassets in Resources */,
				FF13F351244CC57E002AFAF2 /* Main.storyboard in Resources */,
			);
			runOnlyForDeploymentPostprocessing = 0;
		};
/* End PBXResourcesBuildPhase section */

/* Begin PBXSourcesBuildPhase section */
		FF13F342244CC57E002AFAF2 /* Sources */ = {
			isa = PBXSourcesBuildPhase;
			buildActionMask = 2147483647;
			files = (
				FF13F34E244CC57E002AFAF2 /* ViewController.swift in Sources */,
				FF13F34A244CC57E002AFAF2 /* AppDelegate.swift in Sources */,
				FF13F34C244CC57E002AFAF2 /* SceneDelegate.swift in Sources */,
				FF13F354244CC57E002AFAF2 /* lesson001storyboardstuff.xcdatamodeld in Sources */,
			);
			runOnlyForDeploymentPostprocessing = 0;
		};
/* End PBXSourcesBuildPhase section */

/* Begin PBXVariantGroup section */
		FF13F34F244CC57E002AFAF2 /* Main.storyboard */ = {
			isa = PBXVariantGroup;
			children = (
				FF13F350244CC57E002AFAF2 /* Base */,
			);
			name = Main.storyboard;
			sourceTree = "<group>";
		};
		FF13F357244CC580002AFAF2 /* LaunchScreen.storyboard */ = {
			isa = PBXVariantGroup;
			children = (
				FF13F358244CC580002AFAF2 /* Base */,
			);
			name = LaunchScreen.storyboard;
			sourceTree = "<group>";
		};
/* End PBXVariantGroup section */

/* Begin XCBuildConfiguration section */
		FF13F35B244CC580002AFAF2 /* Debug */ = {
			isa = XCBuildConfiguration;
			buildSettings = {
				ALWAYS_SEARCH_USER_PATHS = NO;
				CLANG_ANALYZER_NONNULL = YES;
				CLANG_ANALYZER_NUMBER_OBJECT_CONVERSION = YES_AGGRESSIVE;
				CLANG_CXX_LANGUAGE_STANDARD = "gnu++14";
				CLANG_CXX_LIBRARY = "libc++";
				CLANG_ENABLE_MODULES = YES;
				CLANG_ENABLE_OBJC_ARC = YES;
				CLANG_ENABLE_OBJC_WEAK = YES;
				CLANG_WARN_BLOCK_CAPTURE_AUTORELEASING = YES;
				CLANG_WARN_BOOL_CONVERSION = YES;
				CLANG_WARN_COMMA = YES;
				CLANG_WARN_CONSTANT_CONVERSION = YES;
				CLANG_WARN_DEPRECATED_OBJC_IMPLEMENTATIONS = YES;
				CLANG_WARN_DIRECT_OBJC_ISA_USAGE = YES_ERROR;
				CLANG_WARN_DOCUMENTATION_COMMENTS = YES;
				CLANG_WARN_EMPTY_BODY = YES;
				CLANG_WARN_ENUM_CONVERSION = YES;
				CLANG_WARN_INFINITE_RECURSION = YES;
				CLANG_WARN_INT_CONVERSION = YES;
				CLANG_WARN_NON_LITERAL_NULL_CONVERSION = YES;
				CLANG_WARN_OBJC_IMPLICIT_RETAIN_SELF = YES;
				CLANG_WARN_OBJC_LITERAL_CONVERSION = YES;
				CLANG_WARN_OBJC_ROOT_CLASS = YES_ERROR;
				CLANG_WARN_RANGE_LOOP_ANALYSIS = YES;
				CLANG_WARN_STRICT_PROTOTYPES = YES;
				CLANG_WARN_SUSPICIOUS_MOVE = YES;
				CLANG_WARN_UNGUARDED_AVAILABILITY = YES_AGGRESSIVE;
				CLANG_WARN_UNREACHABLE_CODE = YES;
				CLANG_WARN__DUPLICATE_METHOD_MATCH = YES;
				COPY_PHASE_STRIP = NO;
				DEBUG_INFORMATION_FORMAT = dwarf;
				ENABLE_STRICT_OBJC_MSGSEND = YES;
				ENABLE_TESTABILITY = YES;
				GCC_C_LANGUAGE_STANDARD = gnu11;
				GCC_DYNAMIC_NO_PIC = NO;
				GCC_NO_COMMON_BLOCKS = YES;
				GCC_OPTIMIZATION_LEVEL = 0;
				GCC_PREPROCESSOR_DEFINITIONS = (
					"DEBUG=1",
					"$(inherited)",
				);
				GCC_WARN_64_TO_32_BIT_CONVERSION = YES;
				GCC_WARN_ABOUT_RETURN_TYPE = YES_ERROR;
				GCC_WARN_UNDECLARED_SELECTOR = YES;
				GCC_WARN_UNINITIALIZED_AUTOS = YES_AGGRESSIVE;
				GCC_WARN_UNUSED_FUNCTION = YES;
				GCC_WARN_UNUSED_VARIABLE = YES;
				IPHONEOS_DEPLOYMENT_TARGET = 13.4;
				MTL_ENABLE_DEBUG_INFO = INCLUDE_SOURCE;
				MTL_FAST_MATH = YES;
				ONLY_ACTIVE_ARCH = YES;
				SDKROOT = iphoneos;
				SWIFT_ACTIVE_COMPILATION_CONDITIONS = DEBUG;
				SWIFT_OPTIMIZATION_LEVEL = "-Onone";
			};
			name = Debug;
		};
		FF13F35C244CC580002AFAF2 /* Release */ = {
			isa = XCBuildConfiguration;
			buildSettings = {
				ALWAYS_SEARCH_USER_PATHS = NO;
				CLANG_ANALYZER_NONNULL = YES;
				CLANG_ANALYZER_NUMBER_OBJECT_CONVERSION = YES_AGGRESSIVE;
				CLANG_CXX_LANGUAGE_STANDARD = "gnu++14";
				CLANG_CXX_LIBRARY = "libc++";
				CLANG_ENABLE_MODULES = YES;
				CLANG_ENABLE_OBJC_ARC = YES;
				CLANG_ENABLE_OBJC_WEAK = YES;
				CLANG_WARN_BLOCK_CAPTURE_AUTORELEASING = YES;
				CLANG_WARN_BOOL_CONVERSION = YES;
				CLANG_WARN_COMMA = YES;
				CLANG_WARN_CONSTANT_CONVERSION = YES;
				CLANG_WARN_DEPRECATED_OBJC_IMPLEMENTATIONS = YES;
				CLANG_WARN_DIRECT_OBJC_ISA_USAGE = YES_ERROR;
				CLANG_WARN_DOCUMENTATION_COMMENTS = YES;
				CLANG_WARN_EMPTY_BODY = YES;
				CLANG_WARN_ENUM_CONVERSION = YES;
				CLANG_WARN_INFINITE_RECURSION = YES;
				CLANG_WARN_INT_CONVERSION = YES;
				CLANG_WARN_NON_LITERAL_NULL_CONVERSION = YES;
				CLANG_WARN_OBJC_IMPLICIT_RETAIN_SELF = YES;
				CLANG_WARN_OBJC_LITERAL_CONVERSION = YES;
				CLANG_WARN_OBJC_ROOT_CLASS = YES_ERROR;
				CLANG_WARN_RANGE_LOOP_ANALYSIS = YES;
				CLANG_WARN_STRICT_PROTOTYPES = YES;
				CLANG_WARN_SUSPICIOUS_MOVE = YES;
				CLANG_WARN_UNGUARDED_AVAILABILITY = YES_AGGRESSIVE;
				CLANG_WARN_UNREACHABLE_CODE = YES;
				CLANG_WARN__DUPLICATE_METHOD_MATCH = YES;
				COPY_PHASE_STRIP = NO;
				DEBUG_INFORMATION_FORMAT = "dwarf-with-dsym";
				ENABLE_NS_ASSERTIONS = NO;
				ENABLE_STRICT_OBJC_MSGSEND = YES;
				GCC_C_LANGUAGE_STANDARD = gnu11;
				GCC_NO_COMMON_BLOCKS = YES;
				GCC_WARN_64_TO_32_BIT_CONVERSION = YES;
				GCC_WARN_ABOUT_RETURN_TYPE = YES_ERROR;
				GCC_WARN_UNDECLARED_SELECTOR = YES;
				GCC_WARN_UNINITIALIZED_AUTOS = YES_AGGRESSIVE;
				GCC_WARN_UNUSED_FUNCTION = YES;
				GCC_WARN_UNUSED_VARIABLE = YES;
				IPHONEOS_DEPLOYMENT_TARGET = 13.4;
				MTL_ENABLE_DEBUG_INFO = NO;
				MTL_FAST_MATH = YES;
				SDKROOT = iphoneos;
				SWIFT_COMPILATION_MODE = wholemodule;
				SWIFT_OPTIMIZATION_LEVEL = "-O";
				VALIDATE_PRODUCT = YES;
			};
			name = Release;
		};
		FF13F35E244CC580002AFAF2 /* Debug */ = {
			isa = XCBuildConfiguration;
			buildSettings = {
				ASSETCATALOG_COMPILER_APPICON_NAME = AppIcon;
				CODE_SIGN_STYLE = Automatic;
				DEVELOPMENT_TEAM = 79Q6363ZJD;
				INFOPLIST_FILE = lesson001storyboardstuff/Info.plist;
				LD_RUNPATH_SEARCH_PATHS = (
					"$(inherited)",
					"@executable_path/Frameworks",
				);
				PRODUCT_BUNDLE_IDENTIFIER = ashantiwill94.lesson001storyboardstuff;
				PRODUCT_NAME = "$(TARGET_NAME)";
				SWIFT_VERSION = 5.0;
				TARGETED_DEVICE_FAMILY = "1,2";
			};
			name = Debug;
		};
		FF13F35F244CC580002AFAF2 /* Release */ = {
			isa = XCBuildConfiguration;
			buildSettings = {
				ASSETCATALOG_COMPILER_APPICON_NAME = AppIcon;
				CODE_SIGN_STYLE = Automatic;
				DEVELOPMENT_TEAM = 79Q6363ZJD;
				INFOPLIST_FILE = lesson001storyboardstuff/Info.plist;
				LD_RUNPATH_SEARCH_PATHS = (
					"$(inherited)",
					"@executable_path/Frameworks",
				);
				PRODUCT_BUNDLE_IDENTIFIER = ashantiwill94.lesson001storyboardstuff;
				PRODUCT_NAME = "$(TARGET_NAME)";
				SWIFT_VERSION = 5.0;
				TARGETED_DEVICE_FAMILY = "1,2";
			};
			name = Release;
		};
/* End XCBuildConfiguration section */

/* Begin XCConfigurationList section */
		FF13F341244CC57E002AFAF2 /* Build configuration list for PBXProject "lesson001storyboardstuff" */ = {
			isa = XCConfigurationList;
			buildConfigurations = (
				FF13F35B244CC580002AFAF2 /* Debug */,
				FF13F35C244CC580002AFAF2 /* Release */,
			);
			defaultConfigurationIsVisible = 0;
			defaultConfigurationName = Release;
		};
		FF13F35D244CC580002AFAF2 /* Build configuration list for PBXNativeTarget "lesson001storyboardstuff" */ = {
			isa = XCConfigurationList;
			buildConfigurations = (
				FF13F35E244CC580002AFAF2 /* Debug */,
				FF13F35F244CC580002AFAF2 /* Release */,
			);
			defaultConfigurationIsVisible = 0;
			defaultConfigurationName = Release;
		};
/* End XCConfigurationList section */

/* Begin XCVersionGroup section */
		FF13F352244CC57E002AFAF2 /* lesson001storyboardstuff.xcdatamodeld */ = {
			isa = XCVersionGroup;
			children = (
				FF13F353244CC57E002AFAF2 /* lesson001storyboardstuff.xcdatamodel */,
			);
			currentVersion = FF13F353244CC57E002AFAF2 /* lesson001storyboardstuff.xcdatamodel */;
			path = lesson001storyboardstuff.xcdatamodeld;
			sourceTree = "<group>";
			versionGroupType = wrapper.xcdatamodel;
		};
/* End XCVersionGroup section */
	};
	rootObject = FF13F33E244CC57E002AFAF2 /* Project object */;
}
