// !$*UTF8*$!
{
	archiveVersion = 1;
	classes = {
	};
	objectVersion = 50;
	objects = {

/* Begin PBXBuildFile section */
		FF8A37AF248A897700C3E165 /* AppDelegate.swift in Sources */ = {isa = PBXBuildFile; fileRef = FF8A37AE248A897700C3E165 /* AppDelegate.swift */; };
		FF8A37B1248A897700C3E165 /* SceneDelegate.swift in Sources */ = {isa = PBXBuildFile; fileRef = FF8A37B0248A897700C3E165 /* SceneDelegate.swift */; };
		FF8A37B3248A897700C3E165 /* ViewController.swift in Sources */ = {isa = PBXBuildFile; fileRef = FF8A37B2248A897700C3E165 /* ViewController.swift */; };
		FF8A37B6248A897700C3E165 /* Main.storyboard in Resources */ = {isa = PBXBuildFile; fileRef = FF8A37B4248A897700C3E165 /* Main.storyboard */; };
		FF8A37B9248A897700C3E165 /* tutorials.xcdatamodeld in Sources */ = {isa = PBXBuildFile; fileRef = FF8A37B7248A897700C3E165 /* tutorials.xcdatamodeld */; };
		FF8A37BB248A898E00C3E165 /* Assets.xcassets in Resources */ = {isa = PBXBuildFile; fileRef = FF8A37BA248A898E00C3E165 /* Assets.xcassets */; };
		FF8A37BE248A898E00C3E165 /* LaunchScreen.storyboard in Resources */ = {isa = PBXBuildFile; fileRef = FF8A37BC248A898E00C3E165 /* LaunchScreen.storyboard */; };
/* End PBXBuildFile section */

/* Begin PBXFileReference section */
		FF8A37AB248A897600C3E165 /* tutorials.app */ = {isa = PBXFileReference; explicitFileType = wrapper.application; includeInIndex = 0; path = tutorials.app; sourceTree = BUILT_PRODUCTS_DIR; };
		FF8A37AE248A897700C3E165 /* AppDelegate.swift */ = {isa = PBXFileReference; lastKnownFileType = sourcecode.swift; path = AppDelegate.swift; sourceTree = "<group>"; };
		FF8A37B0248A897700C3E165 /* SceneDelegate.swift */ = {isa = PBXFileReference; lastKnownFileType = sourcecode.swift; path = SceneDelegate.swift; sourceTree = "<group>"; };
		FF8A37B2248A897700C3E165 /* ViewController.swift */ = {isa = PBXFileReference; lastKnownFileType = sourcecode.swift; path = ViewController.swift; sourceTree = "<group>"; };
		FF8A37B5248A897700C3E165 /* Base */ = {isa = PBXFileReference; lastKnownFileType = file.storyboard; name = Base; path = Base.lproj/Main.storyboard; sourceTree = "<group>"; };
		FF8A37B8248A897700C3E165 /* tutorials.xcdatamodel */ = {isa = PBXFileReference; lastKnownFileType = wrapper.xcdatamodel; path = tutorials.xcdatamodel; sourceTree = "<group>"; };
		FF8A37BA248A898E00C3E165 /* Assets.xcassets */ = {isa = PBXFileReference; lastKnownFileType = folder.assetcatalog; path = Assets.xcassets; sourceTree = "<group>"; };
		FF8A37BD248A898E00C3E165 /* Base */ = {isa = PBXFileReference; lastKnownFileType = file.storyboard; name = Base; path = Base.lproj/LaunchScreen.storyboard; sourceTree = "<group>"; };
		FF8A37BF248A898E00C3E165 /* Info.plist */ = {isa = PBXFileReference; lastKnownFileType = text.plist.xml; path = Info.plist; sourceTree = "<group>"; };
/* End PBXFileReference section */

/* Begin PBXFrameworksBuildPhase section */
		FF8A37A8248A897600C3E165 /* Frameworks */ = {
			isa = PBXFrameworksBuildPhase;
			buildActionMask = 2147483647;
			files = (
			);
			runOnlyForDeploymentPostprocessing = 0;
		};
/* End PBXFrameworksBuildPhase section */

/* Begin PBXGroup section */
		FF8A37A2248A897600C3E165 = {
			isa = PBXGroup;
			children = (
				FF8A37AD248A897600C3E165 /* tutorials */,
				FF8A37AC248A897600C3E165 /* Products */,
			);
			sourceTree = "<group>";
		};
		FF8A37AC248A897600C3E165 /* Products */ = {
			isa = PBXGroup;
			children = (
				FF8A37AB248A897600C3E165 /* tutorials.app */,
			);
			name = Products;
			sourceTree = "<group>";
		};
		FF8A37AD248A897600C3E165 /* tutorials */ = {
			isa = PBXGroup;
			children = (
				FF8A37AE248A897700C3E165 /* AppDelegate.swift */,
				FF8A37B0248A897700C3E165 /* SceneDelegate.swift */,
				FF8A37B2248A897700C3E165 /* ViewController.swift */,
				FF8A37B4248A897700C3E165 /* Main.storyboard */,
				FF8A37BA248A898E00C3E165 /* Assets.xcassets */,
				FF8A37BC248A898E00C3E165 /* LaunchScreen.storyboard */,
				FF8A37BF248A898E00C3E165 /* Info.plist */,
				FF8A37B7248A897700C3E165 /* tutorials.xcdatamodeld */,
			);
			path = tutorials;
			sourceTree = "<group>";
		};
/* End PBXGroup section */

/* Begin PBXNativeTarget section */
		FF8A37AA248A897600C3E165 /* tutorials */ = {
			isa = PBXNativeTarget;
			buildConfigurationList = FF8A37C2248A898E00C3E165 /* Build configuration list for PBXNativeTarget "tutorials" */;
			buildPhases = (
				FF8A37A7248A897600C3E165 /* Sources */,
				FF8A37A8248A897600C3E165 /* Frameworks */,
				FF8A37A9248A897600C3E165 /* Resources */,
			);
			buildRules = (
			);
			dependencies = (
			);
			name = tutorials;
			productName = tutorials;
			productReference = FF8A37AB248A897600C3E165 /* tutorials.app */;
			productType = "com.apple.product-type.application";
		};
/* End PBXNativeTarget section */

/* Begin PBXProject section */
		FF8A37A3248A897600C3E165 /* Project object */ = {
			isa = PBXProject;
			attributes = {
				LastSwiftUpdateCheck = 1150;
				LastUpgradeCheck = 1150;
				ORGANIZATIONNAME = "Ashanti Williams";
				TargetAttributes = {
					FF8A37AA248A897600C3E165 = {
						CreatedOnToolsVersion = 11.5;
					};
				};
			};
			buildConfigurationList = FF8A37A6248A897600C3E165 /* Build configuration list for PBXProject "tutorials" */;
			compatibilityVersion = "Xcode 9.3";
			developmentRegion = en;
			hasScannedForEncodings = 0;
			knownRegions = (
				en,
				Base,
			);
			mainGroup = FF8A37A2248A897600C3E165;
			productRefGroup = FF8A37AC248A897600C3E165 /* Products */;
			projectDirPath = "";
			projectRoot = "";
			targets = (
				FF8A37AA248A897600C3E165 /* tutorials */,
			);
		};
/* End PBXProject section */

/* Begin PBXResourcesBuildPhase section */
		FF8A37A9248A897600C3E165 /* Resources */ = {
			isa = PBXResourcesBuildPhase;
			buildActionMask = 2147483647;
			files = (
				FF8A37BE248A898E00C3E165 /* LaunchScreen.storyboard in Resources */,
				FF8A37BB248A898E00C3E165 /* Assets.xcassets in Resources */,
				FF8A37B6248A897700C3E165 /* Main.storyboard in Resources */,
			);
			runOnlyForDeploymentPostprocessing = 0;
		};
/* End PBXResourcesBuildPhase section */

/* Begin PBXSourcesBuildPhase section */
		FF8A37A7248A897600C3E165 /* Sources */ = {
			isa = PBXSourcesBuildPhase;
			buildActionMask = 2147483647;
			files = (
				FF8A37B3248A897700C3E165 /* ViewController.swift in Sources */,
				FF8A37B9248A897700C3E165 /* tutorials.xcdatamodeld in Sources */,
				FF8A37AF248A897700C3E165 /* AppDelegate.swift in Sources */,
				FF8A37B1248A897700C3E165 /* SceneDelegate.swift in Sources */,
			);
			runOnlyForDeploymentPostprocessing = 0;
		};
/* End PBXSourcesBuildPhase section */

/* Begin PBXVariantGroup section */
		FF8A37B4248A897700C3E165 /* Main.storyboard */ = {
			isa = PBXVariantGroup;
			children = (
				FF8A37B5248A897700C3E165 /* Base */,
			);
			name = Main.storyboard;
			sourceTree = "<group>";
		};
		FF8A37BC248A898E00C3E165 /* LaunchScreen.storyboard */ = {
			isa = PBXVariantGroup;
			children = (
				FF8A37BD248A898E00C3E165 /* Base */,
			);
			name = LaunchScreen.storyboard;
			sourceTree = "<group>";
		};
/* End PBXVariantGroup section */

/* Begin XCBuildConfiguration section */
		FF8A37C0248A898E00C3E165 /* Debug */ = {
			isa = XCBuildConfiguration;
			buildSettings = {
				ALWAYS_SEARCH_USER_PATHS = NO;
				CLANG_ANALYZER_NONNULL = YES;
				CLANG_ANALYZER_NUMBER_OBJECT_CONVERSION = YES_AGGRESSIVE;
				CLANG_CXX_LANGUAGE_STANDARD = "gnu++14";
				CLANG_CXX_LIBRARY = "libc++";
				CLANG_ENABLE_MODULES = YES;
				CLANG_ENABLE_OBJC_ARC = YES;
				CLANG_ENABLE_OBJC_WEAK = YES;
				CLANG_WARN_BLOCK_CAPTURE_AUTORELEASING = YES;
				CLANG_WARN_BOOL_CONVERSION = YES;
				CLANG_WARN_COMMA = YES;
				CLANG_WARN_CONSTANT_CONVERSION = YES;
				CLANG_WARN_DEPRECATED_OBJC_IMPLEMENTATIONS = YES;
				CLANG_WARN_DIRECT_OBJC_ISA_USAGE = YES_ERROR;
				CLANG_WARN_DOCUMENTATION_COMMENTS = YES;
				CLANG_WARN_EMPTY_BODY = YES;
				CLANG_WARN_ENUM_CONVERSION = YES;
				CLANG_WARN_INFINITE_RECURSION = YES;
				CLANG_WARN_INT_CONVERSION = YES;
				CLANG_WARN_NON_LITERAL_NULL_CONVERSION = YES;
				CLANG_WARN_OBJC_IMPLICIT_RETAIN_SELF = YES;
				CLANG_WARN_OBJC_LITERAL_CONVERSION = YES;
				CLANG_WARN_OBJC_ROOT_CLASS = YES_ERROR;
				CLANG_WARN_RANGE_LOOP_ANALYSIS = YES;
				CLANG_WARN_STRICT_PROTOTYPES = YES;
				CLANG_WARN_SUSPICIOUS_MOVE = YES;
				CLANG_WARN_UNGUARDED_AVAILABILITY = YES_AGGRESSIVE;
				CLANG_WARN_UNREACHABLE_CODE = YES;
				CLANG_WARN__DUPLICATE_METHOD_MATCH = YES;
				COPY_PHASE_STRIP = NO;
				DEBUG_INFORMATION_FORMAT = dwarf;
				ENABLE_STRICT_OBJC_MSGSEND = YES;
				ENABLE_TESTABILITY = YES;
				GCC_C_LANGUAGE_STANDARD = gnu11;
				GCC_DYNAMIC_NO_PIC = NO;
				GCC_NO_COMMON_BLOCKS = YES;
				GCC_OPTIMIZATION_LEVEL = 0;
				GCC_PREPROCESSOR_DEFINITIONS = (
					"DEBUG=1",
					"$(inherited)",
				);
				GCC_WARN_64_TO_32_BIT_CONVERSION = YES;
				GCC_WARN_ABOUT_RETURN_TYPE = YES_ERROR;
				GCC_WARN_UNDECLARED_SELECTOR = YES;
				GCC_WARN_UNINITIALIZED_AUTOS = YES_AGGRESSIVE;
				GCC_WARN_UNUSED_FUNCTION = YES;
				GCC_WARN_UNUSED_VARIABLE = YES;
				IPHONEOS_DEPLOYMENT_TARGET = 13.5;
				MTL_ENABLE_DEBUG_INFO = INCLUDE_SOURCE;
				MTL_FAST_MATH = YES;
				ONLY_ACTIVE_ARCH = YES;
				SDKROOT = iphoneos;
				SWIFT_ACTIVE_COMPILATION_CONDITIONS = DEBUG;
				SWIFT_OPTIMIZATION_LEVEL = "-Onone";
			};
			name = Debug;
		};
		FF8A37C1248A898E00C3E165 /* Release */ = {
			isa = XCBuildConfiguration;
			buildSettings = {
				ALWAYS_SEARCH_USER_PATHS = NO;
				CLANG_ANALYZER_NONNULL = YES;
				CLANG_ANALYZER_NUMBER_OBJECT_CONVERSION = YES_AGGRESSIVE;
				CLANG_CXX_LANGUAGE_STANDARD = "gnu++14";
				CLANG_CXX_LIBRARY = "libc++";
				CLANG_ENABLE_MODULES = YES;
				CLANG_ENABLE_OBJC_ARC = YES;
				CLANG_ENABLE_OBJC_WEAK = YES;
				CLANG_WARN_BLOCK_CAPTURE_AUTORELEASING = YES;
				CLANG_WARN_BOOL_CONVERSION = YES;
				CLANG_WARN_COMMA = YES;
				CLANG_WARN_CONSTANT_CONVERSION = YES;
				CLANG_WARN_DEPRECATED_OBJC_IMPLEMENTATIONS = YES;
				CLANG_WARN_DIRECT_OBJC_ISA_USAGE = YES_ERROR;
				CLANG_WARN_DOCUMENTATION_COMMENTS = YES;
				CLANG_WARN_EMPTY_BODY = YES;
				CLANG_WARN_ENUM_CONVERSION = YES;
				CLANG_WARN_INFINITE_RECURSION = YES;
				CLANG_WARN_INT_CONVERSION = YES;
				CLANG_WARN_NON_LITERAL_NULL_CONVERSION = YES;
				CLANG_WARN_OBJC_IMPLICIT_RETAIN_SELF = YES;
				CLANG_WARN_OBJC_LITERAL_CONVERSION = YES;
				CLANG_WARN_OBJC_ROOT_CLASS = YES_ERROR;
				CLANG_WARN_RANGE_LOOP_ANALYSIS = YES;
				CLANG_WARN_STRICT_PROTOTYPES = YES;
				CLANG_WARN_SUSPICIOUS_MOVE = YES;
				CLANG_WARN_UNGUARDED_AVAILABILITY = YES_AGGRESSIVE;
				CLANG_WARN_UNREACHABLE_CODE = YES;
				CLANG_WARN__DUPLICATE_METHOD_MATCH = YES;
				COPY_PHASE_STRIP = NO;
				DEBUG_INFORMATION_FORMAT = "dwarf-with-dsym";
				ENABLE_NS_ASSERTIONS = NO;
				ENABLE_STRICT_OBJC_MSGSEND = YES;
				GCC_C_LANGUAGE_STANDARD = gnu11;
				GCC_NO_COMMON_BLOCKS = YES;
				GCC_WARN_64_TO_32_BIT_CONVERSION = YES;
				GCC_WARN_ABOUT_RETURN_TYPE = YES_ERROR;
				GCC_WARN_UNDECLARED_SELECTOR = YES;
				GCC_WARN_UNINITIALIZED_AUTOS = YES_AGGRESSIVE;
				GCC_WARN_UNUSED_FUNCTION = YES;
				GCC_WARN_UNUSED_VARIABLE = YES;
				IPHONEOS_DEPLOYMENT_TARGET = 13.5;
				MTL_ENABLE_DEBUG_INFO = NO;
				MTL_FAST_MATH = YES;
				SDKROOT = iphoneos;
				SWIFT_COMPILATION_MODE = wholemodule;
				SWIFT_OPTIMIZATION_LEVEL = "-O";
				VALIDATE_PRODUCT = YES;
			};
			name = Release;
		};
		FF8A37C3248A898E00C3E165 /* Debug */ = {
			isa = XCBuildConfiguration;
			buildSettings = {
				ASSETCATALOG_COMPILER_APPICON_NAME = AppIcon;
				CODE_SIGN_STYLE = Automatic;
				DEVELOPMENT_TEAM = 79Q6363ZJD;
				INFOPLIST_FILE = tutorials/Info.plist;
				LD_RUNPATH_SEARCH_PATHS = (
					"$(inherited)",
					"@executable_path/Frameworks",
				);
				PRODUCT_BUNDLE_IDENTIFIER = ashantiwill94.tutorials;
				PRODUCT_NAME = "$(TARGET_NAME)";
				SWIFT_VERSION = 5.0;
				TARGETED_DEVICE_FAMILY = "1,2";
			};
			name = Debug;
		};
		FF8A37C4248A898E00C3E165 /* Release */ = {
			isa = XCBuildConfiguration;
			buildSettings = {
				ASSETCATALOG_COMPILER_APPICON_NAME = AppIcon;
				CODE_SIGN_STYLE = Automatic;
				DEVELOPMENT_TEAM = 79Q6363ZJD;
				INFOPLIST_FILE = tutorials/Info.plist;
				LD_RUNPATH_SEARCH_PATHS = (
					"$(inherited)",
					"@executable_path/Frameworks",
				);
				PRODUCT_BUNDLE_IDENTIFIER = ashantiwill94.tutorials;
				PRODUCT_NAME = "$(TARGET_NAME)";
				SWIFT_VERSION = 5.0;
				TARGETED_DEVICE_FAMILY = "1,2";
			};
			name = Release;
		};
/* End XCBuildConfiguration section */

/* Begin XCConfigurationList section */
		FF8A37A6248A897600C3E165 /* Build configuration list for PBXProject "tutorials" */ = {
			isa = XCConfigurationList;
			buildConfigurations = (
				FF8A37C0248A898E00C3E165 /* Debug */,
				FF8A37C1248A898E00C3E165 /* Release */,
			);
			defaultConfigurationIsVisible = 0;
			defaultConfigurationName = Release;
		};
		FF8A37C2248A898E00C3E165 /* Build configuration list for PBXNativeTarget "tutorials" */ = {
			isa = XCConfigurationList;
			buildConfigurations = (
				FF8A37C3248A898E00C3E165 /* Debug */,
				FF8A37C4248A898E00C3E165 /* Release */,
			);
			defaultConfigurationIsVisible = 0;
			defaultConfigurationName = Release;
		};
/* End XCConfigurationList section */

/* Begin XCVersionGroup section */
		FF8A37B7248A897700C3E165 /* tutorials.xcdatamodeld */ = {
			isa = XCVersionGroup;
			children = (
				FF8A37B8248A897700C3E165 /* tutorials.xcdatamodel */,
			);
			currentVersion = FF8A37B8248A897700C3E165 /* tutorials.xcdatamodel */;
			path = tutorials.xcdatamodeld;
			sourceTree = "<group>";
			versionGroupType = wrapper.xcdatamodel;
		};
/* End XCVersionGroup section */
	};
	rootObject = FF8A37A3248A897600C3E165 /* Project object */;
}
